
Microsoft Visual Studio Solution File, Format Version 12.00
# Visual Studio Version 17
VisualStudioVersion = 17.7.34031.279
MinimumVisualStudioVersion = 10.0.40219.1
Project("{9A19103F-16F7-4668-BE54-9A1E7A4F7556}") = "DTO_MyShop", "DTO_MyShop\DTO_MyShop.csproj", "{69B724E5-3D81-45C0-8C66-CBAF10710D48}"
EndProject
Project("{9A19103F-16F7-4668-BE54-9A1E7A4F7556}") = "DAL_MyShop", "DAL_MyShop\DAL_MyShop.csproj", "{D44AAE4C-514C-4D19-BFC6-17893BAB0F05}"
EndProject
Project("{9A19103F-16F7-4668-BE54-9A1E7A4F7556}") = "BUS_MyShop", "BUS_MyShop\BUS_MyShop.csproj", "{3ACF1AAC-502A-464B-9055-EC86AFE70BD4}"
EndProject
Project("{9A19103F-16F7-4668-BE54-9A1E7A4F7556}") = "GUI_MyShop", "GUI_MyShop\GUI_MyShop.csproj", "{B67DCB83-4AA1-47A3-B85F-EEEDB2AFBF5D}"
EndProject
Project("{54435603-DBB4-11D2-8724-00A0C9A8B90C}") = "SetupMyShop", "SetupMyShop\SetupMyShop.vdproj", "{8657BE10-889F-41BC-88C1-BB1BB1774036}"
EndProject
Global
	GlobalSection(SolutionConfigurationPlatforms) = preSolution
		Debug|Any CPU = Debug|Any CPU
		Release|Any CPU = Release|Any CPU
	EndGlobalSection
	GlobalSection(ProjectConfigurationPlatforms) = postSolution
		{69B724E5-3D81-45C0-8C66-CBAF10710D48}.Debug|Any CPU.ActiveCfg = Debug|Any CPU
		{69B724E5-3D81-45C0-8C66-CBAF10710D48}.Debug|Any CPU.Build.0 = Debug|Any CPU
		{69B724E5-3D81-45C0-8C66-CBAF10710D48}.Release|Any CPU.ActiveCfg = Release|Any CPU
		{69B724E5-3D81-45C0-8C66-CBAF10710D48}.Release|Any CPU.Build.0 = Release|Any CPU
		{D44AAE4C-514C-4D19-BFC6-17893BAB0F05}.Debug|Any CPU.ActiveCfg = Debug|Any CPU
		{D44AAE4C-514C-4D19-BFC6-17893BAB0F05}.Debug|Any CPU.Build.0 = Debug|Any CPU
		{D44AAE4C-514C-4D19-BFC6-17893BAB0F05}.Release|Any CPU.ActiveCfg = Release|Any CPU
		{D44AAE4C-514C-4D19-BFC6-17893BAB0F05}.Release|Any CPU.Build.0 = Release|Any CPU
		{3ACF1AAC-502A-464B-9055-EC86AFE70BD4}.Debug|Any CPU.ActiveCfg = Debug|Any CPU
		{3ACF1AAC-502A-464B-9055-EC86AFE70BD4}.Debug|Any CPU.Build.0 = Debug|Any CPU
		{3ACF1AAC-502A-464B-9055-EC86AFE70BD4}.Release|Any CPU.ActiveCfg = Release|Any CPU
		{3ACF1AAC-502A-464B-9055-EC86AFE70BD4}.Release|Any CPU.Build.0 = Release|Any CPU
		{B67DCB83-4AA1-47A3-B85F-EEEDB2AFBF5D}.Debug|Any CPU.ActiveCfg = Debug|Any CPU
		{B67DCB83-4AA1-47A3-B85F-EEEDB2AFBF5D}.Debug|Any CPU.Build.0 = Debug|Any CPU
		{B67DCB83-4AA1-47A3-B85F-EEEDB2AFBF5D}.Release|Any CPU.ActiveCfg = Release|Any CPU
		{B67DCB83-4AA1-47A3-B85F-EEEDB2AFBF5D}.Release|Any CPU.Build.0 = Release|Any CPU
		{8657BE10-889F-41BC-88C1-BB1BB1774036}.Debug|Any CPU.ActiveCfg = Debug
		{8657BE10-889F-41BC-88C1-BB1BB1774036}.Release|Any CPU.ActiveCfg = Release
	EndGlobalSection
	GlobalSection(SolutionProperties) = preSolution
		HideSolutionNode = FALSE
	EndGlobalSection
	GlobalSection(ExtensibilityGlobals) = postSolution
		SolutionGuid = {22F3C199-0079-4680-8A72-F2C783917697}
	EndGlobalSection
EndGlobal
